
Microsoft Visual Studio Solution File, Format Version 12.00
# Visual Studio 15
VisualStudioVersion = 15.0.26430.13
MinimumVisualStudioVersion = 10.0.40219.1
Project("{8BC9CEB8-8B4A-11D0-8D11-00A0C91BC942}") = "Engine", "engine\Engine.vcxproj", "{9E0EC6BF-5D25-4767-BFF7-88570C671C21}"
EndProject
Project("{8BC9CEB8-8B4A-11D0-8D11-00A0C91BC942}") = "AKEditor", "..\Editor\AKEditor\AKEditor.vcxproj", "{3F5F5EB6-5C37-47E6-803E-50624439E3DC}"
EndProject
Project("{2150E333-8FDC-42A3-9474-1A3956D46DE8}") = "ThirdSDK", "ThirdSDK", "{F68CD8DE-9BAB-43DF-9BD1-8C2460B39D5D}"
EndProject
Project("{8BC9CEB8-8B4A-11D0-8D11-00A0C91BC942}") = "glog", "3rdSDK\glog\glog.vcxproj", "{999E24BB-3EB1-4829-9E28-76344F45C71C}"
EndProject
Project("{2150E333-8FDC-42A3-9474-1A3956D46DE8}") = "libs", "libs", "{E823A0A9-2B80-4870-A4CC-B25EED3C7446}"
EndProject
Project("{8BC9CEB8-8B4A-11D0-8D11-00A0C91BC942}") = "TaskGraph", "libs\taskGraph\TaskGraph\TaskGraph.vcxproj", "{97C7AE94-750D-479C-A3AA-ED932AFF51A6}"
EndProject
Project("{8BC9CEB8-8B4A-11D0-8D11-00A0C91BC942}") = "sdl2", "3rdSDK\sdl2\sdl2.vcxproj", "{60F5E40E-EF95-4BA2-8F97-BDF4A0E05E9F}"
EndProject
Global
	GlobalSection(SolutionConfigurationPlatforms) = preSolution
		Debug|x64 = Debug|x64
		Debug|x86 = Debug|x86
		MinSizeRel|x64 = MinSizeRel|x64
		MinSizeRel|x86 = MinSizeRel|x86
		Release|x64 = Release|x64
		Release|x86 = Release|x86
		RelWithDebInfo|x64 = RelWithDebInfo|x64
		RelWithDebInfo|x86 = RelWithDebInfo|x86
	EndGlobalSection
	GlobalSection(ProjectConfigurationPlatforms) = postSolution
		{9E0EC6BF-5D25-4767-BFF7-88570C671C21}.Debug|x64.ActiveCfg = Debug|x64
		{9E0EC6BF-5D25-4767-BFF7-88570C671C21}.Debug|x64.Build.0 = Debug|x64
		{9E0EC6BF-5D25-4767-BFF7-88570C671C21}.Debug|x86.ActiveCfg = Debug|Win32
		{9E0EC6BF-5D25-4767-BFF7-88570C671C21}.Debug|x86.Build.0 = Debug|Win32
		{9E0EC6BF-5D25-4767-BFF7-88570C671C21}.MinSizeRel|x64.ActiveCfg = Release|x64
		{9E0EC6BF-5D25-4767-BFF7-88570C671C21}.MinSizeRel|x64.Build.0 = Release|x64
		{9E0EC6BF-5D25-4767-BFF7-88570C671C21}.MinSizeRel|x86.ActiveCfg = Release|Win32
		{9E0EC6BF-5D25-4767-BFF7-88570C671C21}.MinSizeRel|x86.Build.0 = Release|Win32
		{9E0EC6BF-5D25-4767-BFF7-88570C671C21}.Release|x64.ActiveCfg = Release|x64
		{9E0EC6BF-5D25-4767-BFF7-88570C671C21}.Release|x64.Build.0 = Release|x64
		{9E0EC6BF-5D25-4767-BFF7-88570C671C21}.Release|x86.ActiveCfg = Release|Win32
		{9E0EC6BF-5D25-4767-BFF7-88570C671C21}.Release|x86.Build.0 = Release|Win32
		{9E0EC6BF-5D25-4767-BFF7-88570C671C21}.RelWithDebInfo|x64.ActiveCfg = Release|x64
		{9E0EC6BF-5D25-4767-BFF7-88570C671C21}.RelWithDebInfo|x64.Build.0 = Release|x64
		{9E0EC6BF-5D25-4767-BFF7-88570C671C21}.RelWithDebInfo|x86.ActiveCfg = Release|Win32
		{9E0EC6BF-5D25-4767-BFF7-88570C671C21}.RelWithDebInfo|x86.Build.0 = Release|Win32
		{3F5F5EB6-5C37-47E6-803E-50624439E3DC}.Debug|x64.ActiveCfg = Debug|x64
		{3F5F5EB6-5C37-47E6-803E-50624439E3DC}.Debug|x64.Build.0 = Debug|x64
		{3F5F5EB6-5C37-47E6-803E-50624439E3DC}.Debug|x86.ActiveCfg = Debug|Win32
		{3F5F5EB6-5C37-47E6-803E-50624439E3DC}.Debug|x86.Build.0 = Debug|Win32
		{3F5F5EB6-5C37-47E6-803E-50624439E3DC}.MinSizeRel|x64.ActiveCfg = Release|x64
		{3F5F5EB6-5C37-47E6-803E-50624439E3DC}.MinSizeRel|x64.Build.0 = Release|x64
		{3F5F5EB6-5C37-47E6-803E-50624439E3DC}.MinSizeRel|x64.Deploy.0 = Release|x64
		{3F5F5EB6-5C37-47E6-803E-50624439E3DC}.MinSizeRel|x86.ActiveCfg = Release|Win32
		{3F5F5EB6-5C37-47E6-803E-50624439E3DC}.MinSizeRel|x86.Build.0 = Release|Win32
		{3F5F5EB6-5C37-47E6-803E-50624439E3DC}.MinSizeRel|x86.Deploy.0 = Release|Win32
		{3F5F5EB6-5C37-47E6-803E-50624439E3DC}.Release|x64.ActiveCfg = Release|x64
		{3F5F5EB6-5C37-47E6-803E-50624439E3DC}.Release|x64.Build.0 = Release|x64
		{3F5F5EB6-5C37-47E6-803E-50624439E3DC}.Release|x86.ActiveCfg = Release|Win32
		{3F5F5EB6-5C37-47E6-803E-50624439E3DC}.Release|x86.Build.0 = Release|Win32
		{3F5F5EB6-5C37-47E6-803E-50624439E3DC}.RelWithDebInfo|x64.ActiveCfg = Release|x64
		{3F5F5EB6-5C37-47E6-803E-50624439E3DC}.RelWithDebInfo|x64.Build.0 = Release|x64
		{3F5F5EB6-5C37-47E6-803E-50624439E3DC}.RelWithDebInfo|x64.Deploy.0 = Release|x64
		{3F5F5EB6-5C37-47E6-803E-50624439E3DC}.RelWithDebInfo|x86.ActiveCfg = Release|Win32
		{3F5F5EB6-5C37-47E6-803E-50624439E3DC}.RelWithDebInfo|x86.Build.0 = Release|Win32
		{3F5F5EB6-5C37-47E6-803E-50624439E3DC}.RelWithDebInfo|x86.Deploy.0 = Release|Win32
		{999E24BB-3EB1-4829-9E28-76344F45C71C}.Debug|x64.ActiveCfg = Debug|x64
		{999E24BB-3EB1-4829-9E28-76344F45C71C}.Debug|x64.Build.0 = Debug|x64
		{999E24BB-3EB1-4829-9E28-76344F45C71C}.Debug|x86.ActiveCfg = Debug|Win32
		{999E24BB-3EB1-4829-9E28-76344F45C71C}.Debug|x86.Build.0 = Debug|Win32
		{999E24BB-3EB1-4829-9E28-76344F45C71C}.MinSizeRel|x64.ActiveCfg = Release|x64
		{999E24BB-3EB1-4829-9E28-76344F45C71C}.MinSizeRel|x64.Build.0 = Release|x64
		{999E24BB-3EB1-4829-9E28-76344F45C71C}.MinSizeRel|x86.ActiveCfg = Release|Win32
		{999E24BB-3EB1-4829-9E28-76344F45C71C}.MinSizeRel|x86.Build.0 = Release|Win32
		{999E24BB-3EB1-4829-9E28-76344F45C71C}.Release|x64.ActiveCfg = Release|x64
		{999E24BB-3EB1-4829-9E28-76344F45C71C}.Release|x64.Build.0 = Release|x64
		{999E24BB-3EB1-4829-9E28-76344F45C71C}.Release|x86.ActiveCfg = Release|Win32
		{999E24BB-3EB1-4829-9E28-76344F45C71C}.Release|x86.Build.0 = Release|Win32
		{999E24BB-3EB1-4829-9E28-76344F45C71C}.RelWithDebInfo|x64.ActiveCfg = Release|x64
		{999E24BB-3EB1-4829-9E28-76344F45C71C}.RelWithDebInfo|x64.Build.0 = Release|x64
		{999E24BB-3EB1-4829-9E28-76344F45C71C}.RelWithDebInfo|x86.ActiveCfg = Release|Win32
		{999E24BB-3EB1-4829-9E28-76344F45C71C}.RelWithDebInfo|x86.Build.0 = Release|Win32
		{97C7AE94-750D-479C-A3AA-ED932AFF51A6}.Debug|x64.ActiveCfg = Debug|x64
		{97C7AE94-750D-479C-A3AA-ED932AFF51A6}.Debug|x64.Build.0 = Debug|x64
		{97C7AE94-750D-479C-A3AA-ED932AFF51A6}.Debug|x86.ActiveCfg = Debug|x64
		{97C7AE94-750D-479C-A3AA-ED932AFF51A6}.MinSizeRel|x64.ActiveCfg = Release|x64
		{97C7AE94-750D-479C-A3AA-ED932AFF51A6}.MinSizeRel|x64.Build.0 = Release|x64
		{97C7AE94-750D-479C-A3AA-ED932AFF51A6}.MinSizeRel|x86.ActiveCfg = Release|x64
		{97C7AE94-750D-479C-A3AA-ED932AFF51A6}.MinSizeRel|x86.Build.0 = Release|x64
		{97C7AE94-750D-479C-A3AA-ED932AFF51A6}.Release|x64.ActiveCfg = Release|x64
		{97C7AE94-750D-479C-A3AA-ED932AFF51A6}.Release|x64.Build.0 = Release|x64
		{97C7AE94-750D-479C-A3AA-ED932AFF51A6}.Release|x86.ActiveCfg = Release|x64
		{97C7AE94-750D-479C-A3AA-ED932AFF51A6}.RelWithDebInfo|x64.ActiveCfg = Release|x64
		{97C7AE94-750D-479C-A3AA-ED932AFF51A6}.RelWithDebInfo|x64.Build.0 = Release|x64
		{97C7AE94-750D-479C-A3AA-ED932AFF51A6}.RelWithDebInfo|x86.ActiveCfg = Release|x64
		{97C7AE94-750D-479C-A3AA-ED932AFF51A6}.RelWithDebInfo|x86.Build.0 = Release|x64
		{60F5E40E-EF95-4BA2-8F97-BDF4A0E05E9F}.Debug|x64.ActiveCfg = Debug|x64
		{60F5E40E-EF95-4BA2-8F97-BDF4A0E05E9F}.Debug|x64.Build.0 = Debug|x64
		{60F5E40E-EF95-4BA2-8F97-BDF4A0E05E9F}.Debug|x86.ActiveCfg = Debug|Win32
		{60F5E40E-EF95-4BA2-8F97-BDF4A0E05E9F}.Debug|x86.Build.0 = Debug|Win32
		{60F5E40E-EF95-4BA2-8F97-BDF4A0E05E9F}.MinSizeRel|x64.ActiveCfg = Release|x64
		{60F5E40E-EF95-4BA2-8F97-BDF4A0E05E9F}.MinSizeRel|x64.Build.0 = Release|x64
		{60F5E40E-EF95-4BA2-8F97-BDF4A0E05E9F}.MinSizeRel|x86.ActiveCfg = Release|Win32
		{60F5E40E-EF95-4BA2-8F97-BDF4A0E05E9F}.MinSizeRel|x86.Build.0 = Release|Win32
		{60F5E40E-EF95-4BA2-8F97-BDF4A0E05E9F}.Release|x64.ActiveCfg = Release|x64
		{60F5E40E-EF95-4BA2-8F97-BDF4A0E05E9F}.Release|x64.Build.0 = Release|x64
		{60F5E40E-EF95-4BA2-8F97-BDF4A0E05E9F}.Release|x86.ActiveCfg = Release|Win32
		{60F5E40E-EF95-4BA2-8F97-BDF4A0E05E9F}.Release|x86.Build.0 = Release|Win32
		{60F5E40E-EF95-4BA2-8F97-BDF4A0E05E9F}.RelWithDebInfo|x64.ActiveCfg = Release|x64
		{60F5E40E-EF95-4BA2-8F97-BDF4A0E05E9F}.RelWithDebInfo|x64.Build.0 = Release|x64
		{60F5E40E-EF95-4BA2-8F97-BDF4A0E05E9F}.RelWithDebInfo|x86.ActiveCfg = Release|Win32
		{60F5E40E-EF95-4BA2-8F97-BDF4A0E05E9F}.RelWithDebInfo|x86.Build.0 = Release|Win32
	EndGlobalSection
	GlobalSection(SolutionProperties) = preSolution
		HideSolutionNode = FALSE
	EndGlobalSection
	GlobalSection(NestedProjects) = preSolution
		{999E24BB-3EB1-4829-9E28-76344F45C71C} = {F68CD8DE-9BAB-43DF-9BD1-8C2460B39D5D}
		{97C7AE94-750D-479C-A3AA-ED932AFF51A6} = {E823A0A9-2B80-4870-A4CC-B25EED3C7446}
		{60F5E40E-EF95-4BA2-8F97-BDF4A0E05E9F} = {F68CD8DE-9BAB-43DF-9BD1-8C2460B39D5D}
	EndGlobalSection
EndGlobal
