<?xml version="1.0" encoding="utf-8"?>
<Project ToolsVersion="4.0" xmlns="http://schemas.microsoft.com/developer/msbuild/2003">
  <ItemGroup>
    <ClCompile Include="Source.cpp" />
    <ClCompile Include="source\stdafx.cpp">
      <Filter>Source\Common\Private</Filter>
    </ClCompile>
    <ClCompile Include="source\Hash.cpp">
      <Filter>Source\Core\Private\Misc</Filter>
    </ClCompile>
    <ClCompile Include="source\RHI.cpp">
      <Filter>Source\Renderer\RHI\Private</Filter>
    </ClCompile>
    <ClCompile Include="source\Color.cpp">
      <Filter>Source\Core\Private\Math</Filter>
    </ClCompile>
    <ClCompile Include="source\MathUtility.cpp">
      <Filter>Source\Core\Private\Math</Filter>
    </ClCompile>
    <ClCompile Include="source\UnrealMath.cpp">
      <Filter>Source\Core\Private\Math</Filter>
    </ClCompile>
    <ClCompile Include="source\Actor.cpp">
      <Filter>Source\Engine\GameFramework\Private</Filter>
    </ClCompile>
    <ClCompile Include="source\GameInstance.cpp">
      <Filter>Source\Engine\GameFramework\Private</Filter>
    </ClCompile>
    <ClCompile Include="source\Object.cpp">
      <Filter>Source\Engine\GameFramework\Private</Filter>
    </ClCompile>
    <ClCompile Include="source\GameClinet.cpp">
      <Filter>Source\Engine\GameFramework\Private</Filter>
    </ClCompile>
    <ClCompile Include="source\Engine.cpp">
      <Filter>Source\Engine\GameFramework\Private</Filter>
    </ClCompile>
    <ClCompile Include="source\RenderResource.cpp">
      <Filter>Source\Engine\RenderCore\Private</Filter>
    </ClCompile>
    <ClCompile Include="source\CoreGlobas.cpp">
      <Filter>Source\Core\Private</Filter>
    </ClCompile>
    <ClCompile Include="source\Windows\WindowsDynamicRHI.cpp">
      <Filter>Source\Renderer\RHI\Private\Windows</Filter>
    </ClCompile>
    <ClCompile Include="source\ModuleManager.cpp">
      <Filter>Source\Core\Private\Modules</Filter>
    </ClCompile>
  </ItemGroup>
  <ItemGroup>
    <Filter Include="Shader">
      <UniqueIdentifier>{0ee04635-a510-4800-8ed5-9f58e35d3471}</UniqueIdentifier>
    </Filter>
    <Filter Include="Source">
      <UniqueIdentifier>{a94c16c7-90e8-4334-84dc-4fa8cfd8ea82}</UniqueIdentifier>
    </Filter>
    <Filter Include="Source\Core">
      <UniqueIdentifier>{f088ddf3-3427-44cd-9bf8-7e1a59f6c318}</UniqueIdentifier>
    </Filter>
    <Filter Include="Source\Engine">
      <UniqueIdentifier>{c11ed01f-bc01-4faa-9b63-db3dd7abe801}</UniqueIdentifier>
    </Filter>
    <Filter Include="Source\Renderer">
      <UniqueIdentifier>{4e90560b-365f-4586-9cab-88a01d53de34}</UniqueIdentifier>
    </Filter>
    <Filter Include="Source\Utility">
      <UniqueIdentifier>{4bc58864-7421-42d0-8a40-7d0358fddcd9}</UniqueIdentifier>
    </Filter>
    <Filter Include="Source\Common">
      <UniqueIdentifier>{3de7f831-5566-4343-a2c5-1d89d6a55a6c}</UniqueIdentifier>
    </Filter>
    <Filter Include="Source\Common\Private">
      <UniqueIdentifier>{5fb83634-8be0-4ddb-b3ae-fd5d03863c93}</UniqueIdentifier>
    </Filter>
    <Filter Include="Source\Common\Public">
      <UniqueIdentifier>{eb11bf3f-e359-453b-9c5f-471f34a90796}</UniqueIdentifier>
    </Filter>
    <Filter Include="Source\HAL">
      <UniqueIdentifier>{8948c1f1-9df3-496e-8766-c410ddb91918}</UniqueIdentifier>
    </Filter>
    <Filter Include="Source\HAL\Public">
      <UniqueIdentifier>{c3ff5fb9-c523-40ce-8482-98e774b53dd5}</UniqueIdentifier>
    </Filter>
    <Filter Include="Source\HAL\Private">
      <UniqueIdentifier>{070fc3fe-e7b1-49da-9b8b-4e3a7deced63}</UniqueIdentifier>
    </Filter>
    <Filter Include="Source\Core\Public">
      <UniqueIdentifier>{24561c2c-f313-4ff8-9d24-5a250f413266}</UniqueIdentifier>
    </Filter>
    <Filter Include="Source\Core\Private">
      <UniqueIdentifier>{3157c090-4d04-4519-86a9-d684e9814f56}</UniqueIdentifier>
    </Filter>
    <Filter Include="Source\Core\Public\Containers">
      <UniqueIdentifier>{e9597ae6-cec6-4bb5-bbd9-7abddcc7e352}</UniqueIdentifier>
    </Filter>
    <Filter Include="Source\Core\Public\Misc">
      <UniqueIdentifier>{c18f3bca-f29c-4c58-be90-f75bc63e604d}</UniqueIdentifier>
    </Filter>
    <Filter Include="Source\Core\Private\Misc">
      <UniqueIdentifier>{27263c9e-8e85-4773-b06e-f5c0dfc6acba}</UniqueIdentifier>
    </Filter>
    <Filter Include="Source\Core\Public\Math">
      <UniqueIdentifier>{50ae665b-037d-4278-9ea8-31d8c4b359ac}</UniqueIdentifier>
    </Filter>
    <Filter Include="Source\System">
      <UniqueIdentifier>{81d5551f-73ec-4dfa-a9d0-82d06ab9eb47}</UniqueIdentifier>
    </Filter>
    <Filter Include="Source\System\Windows">
      <UniqueIdentifier>{eb2fb8c8-ac80-47ea-b682-bb5861da501b}</UniqueIdentifier>
    </Filter>
    <Filter Include="Source\Core\Private\Math">
      <UniqueIdentifier>{7a4f3709-9feb-4539-a49e-101e98c34c4d}</UniqueIdentifier>
    </Filter>
    <Filter Include="Source\Core\Public\Template">
      <UniqueIdentifier>{2e731e10-5e41-4155-81cf-447faba77674}</UniqueIdentifier>
    </Filter>
    <Filter Include="Source\Renderer\RHI">
      <UniqueIdentifier>{f9870bdc-2762-4026-87ed-fc77abd9fa57}</UniqueIdentifier>
    </Filter>
    <Filter Include="Source\Renderer\RHI\Public">
      <UniqueIdentifier>{cfcf4876-d16d-49ee-bd21-108d84563024}</UniqueIdentifier>
    </Filter>
    <Filter Include="Source\Renderer\RHI\Private">
      <UniqueIdentifier>{39677752-f428-481a-b9e3-9659429449a1}</UniqueIdentifier>
    </Filter>
    <Filter Include="Source\Renderer\ShaderCore">
      <UniqueIdentifier>{7c87ee49-55a5-4c76-8d48-4815cd82ff8c}</UniqueIdentifier>
    </Filter>
    <Filter Include="Source\Renderer\D3D11RHI">
      <UniqueIdentifier>{049da77f-bf62-4fcf-8430-5e41746550f2}</UniqueIdentifier>
    </Filter>
    <Filter Include="Source\Engine\EngineCore">
      <UniqueIdentifier>{42930f38-2b7e-4fe1-b5c8-5bc03fe243e9}</UniqueIdentifier>
    </Filter>
    <Filter Include="Source\Engine\EngineCore\Private">
      <UniqueIdentifier>{31d11321-e303-46a2-9d70-110086c8a0d7}</UniqueIdentifier>
    </Filter>
    <Filter Include="Source\Engine\EngineCore\Public">
      <UniqueIdentifier>{35eee815-1f73-4f65-be9a-546eb7eedcb3}</UniqueIdentifier>
    </Filter>
    <Filter Include="Source\Engine\GameFramework">
      <UniqueIdentifier>{58aebcf9-2828-470e-9ce0-957e62667f88}</UniqueIdentifier>
    </Filter>
    <Filter Include="Source\Engine\GameFramework\Public">
      <UniqueIdentifier>{d5b400c9-d736-423f-b4d9-1bd01e2c27c8}</UniqueIdentifier>
    </Filter>
    <Filter Include="Source\Engine\GameFramework\Private">
      <UniqueIdentifier>{2b8bbff0-0cbd-4309-89a8-b2d3b3b71eaf}</UniqueIdentifier>
    </Filter>
    <Filter Include="Source\Engine\GameFramework\Public\Components">
      <UniqueIdentifier>{442e2ad7-6c6b-4096-a750-0043d402da6f}</UniqueIdentifier>
    </Filter>
    <Filter Include="Source\Engine\GameFramework\Private\Components">
      <UniqueIdentifier>{16637992-bff1-4876-b0d7-d5526da580f6}</UniqueIdentifier>
    </Filter>
    <Filter Include="Source\Engine\RenderCore">
      <UniqueIdentifier>{6d565302-f265-4930-b1d6-be5e788fe9ac}</UniqueIdentifier>
    </Filter>
    <Filter Include="Source\Engine\RenderCore\Public">
      <UniqueIdentifier>{61986648-e9c4-42a2-9533-ec4e2e022fad}</UniqueIdentifier>
    </Filter>
    <Filter Include="Source\Engine\RenderCore\Private">
      <UniqueIdentifier>{8cb23aeb-26eb-4f70-a862-9ca607e0ddf3}</UniqueIdentifier>
    </Filter>
    <Filter Include="Source\Renderer\RHI\Private\Windows">
      <UniqueIdentifier>{98420a26-aaa8-4699-9d92-62afd35409fc}</UniqueIdentifier>
    </Filter>
    <Filter Include="Source\Core\Public\Modules">
      <UniqueIdentifier>{e5349a79-e669-4e18-9684-d0b06b2d07a0}</UniqueIdentifier>
    </Filter>
    <Filter Include="Source\Core\Private\Modules">
      <UniqueIdentifier>{f24ec8bd-9c33-40ec-90c4-91db0ad9ab4d}</UniqueIdentifier>
    </Filter>
    <Filter Include="Source\Renderer\D3D11RHI\Private">
      <UniqueIdentifier>{8784e933-0c26-47c0-83c6-dba76e2ccae7}</UniqueIdentifier>
    </Filter>
  </ItemGroup>
  <ItemGroup>
    <ClInclude Include="source\stdafx.h">
      <Filter>Source\Common\Private</Filter>
    </ClInclude>
    <ClInclude Include="include\RHIResources.h">
      <Filter>Source\Renderer\RHI\Public</Filter>
    </ClInclude>
    <ClInclude Include="include\CoreDefines.h">
      <Filter>Source\Common\Public</Filter>
    </ClInclude>
    <ClInclude Include="include\TypeDefines.h">
      <Filter>Source\Common\Public</Filter>
    </ClInclude>
    <ClInclude Include="include\ThreadSafeQueue.h">
      <Filter>Source\Core\Public\Containers</Filter>
    </ClInclude>
    <ClInclude Include="include\ThreadSafeStack.h">
      <Filter>Source\Core\Public\Containers</Filter>
    </ClInclude>
    <ClInclude Include="include\Hash.h">
      <Filter>Source\Core\Public\Misc</Filter>
    </ClInclude>
    <ClInclude Include="include\PixelFormat.h">
      <Filter>Source\Engine\EngineCore\Public</Filter>
    </ClInclude>
    <ClInclude Include="include\RHI.h">
      <Filter>Source\Renderer\RHI\Public</Filter>
    </ClInclude>
    <ClInclude Include="include\Float16.h">
      <Filter>Source\Core\Public\Math</Filter>
    </ClInclude>
    <ClInclude Include="include\Float32.h">
      <Filter>Source\Core\Public\Math</Filter>
    </ClInclude>
    <ClInclude Include="include\MathUtility.h">
      <Filter>Source\Core\Public\Math</Filter>
    </ClInclude>
    <ClInclude Include="include\Color.h">
      <Filter>Source\Core\Public\Math</Filter>
    </ClInclude>
    <ClInclude Include="include\Vector.h">
      <Filter>Source\Core\Public\Math</Filter>
    </ClInclude>
    <ClInclude Include="include\IntPoint.h">
      <Filter>Source\Core\Public\Math</Filter>
    </ClInclude>
    <ClInclude Include="include\IntVector.h">
      <Filter>Source\Core\Public\Math</Filter>
    </ClInclude>
    <ClInclude Include="include\Vector2D.h">
      <Filter>Source\Core\Public\Math</Filter>
    </ClInclude>
    <ClInclude Include="include\Vector2DHalf.h">
      <Filter>Source\Core\Public\Math</Filter>
    </ClInclude>
    <ClInclude Include="include\Vector4.h">
      <Filter>Source\Core\Public\Math</Filter>
    </ClInclude>
    <ClInclude Include="include\IntRect.h">
      <Filter>Source\Core\Public\Math</Filter>
    </ClInclude>
    <ClInclude Include="include\Matrix.h">
      <Filter>Source\Core\Public\Math</Filter>
    </ClInclude>
    <ClInclude Include="include\OrthoMatrix.h">
      <Filter>Source\Core\Public\Math</Filter>
    </ClInclude>
    <ClInclude Include="include\PackedVector.h">
      <Filter>Source\Core\Public\Math</Filter>
    </ClInclude>
    <ClInclude Include="include\PerspectiveMatrix.h">
      <Filter>Source\Core\Public\Math</Filter>
    </ClInclude>
    <ClInclude Include="include\Plane.h">
      <Filter>Source\Core\Public\Math</Filter>
    </ClInclude>
    <ClInclude Include="include\Quat.h">
      <Filter>Source\Core\Public\Math</Filter>
    </ClInclude>
    <ClInclude Include="include\RotationMatrix.h">
      <Filter>Source\Core\Public\Math</Filter>
    </ClInclude>
    <ClInclude Include="include\RotationTranslationMatrix.h">
      <Filter>Source\Core\Public\Math</Filter>
    </ClInclude>
    <ClInclude Include="include\Rotator.h">
      <Filter>Source\Core\Public\Math</Filter>
    </ClInclude>
    <ClInclude Include="include\ScaleMatrix.h">
      <Filter>Source\Core\Public\Math</Filter>
    </ClInclude>
    <ClInclude Include="include\NumericLimits.h">
      <Filter>Source\Core\Public\Math</Filter>
    </ClInclude>
    <ClInclude Include="include\Float16Color.h">
      <Filter>Source\Core\Public\Math</Filter>
    </ClInclude>
    <ClInclude Include="include\Axis.h">
      <Filter>Source\Core\Public\Math</Filter>
    </ClInclude>
    <ClInclude Include="include\UnrealMathSSE.h">
      <Filter>Source\Core\Public\Math</Filter>
    </ClInclude>
    <ClInclude Include="include\UnrealMathVectorConstants.h">
      <Filter>Source\Core\Public\Math</Filter>
    </ClInclude>
    <ClInclude Include="include\RotationAboutPointMatrix.h">
      <Filter>Source\Core\Public\Math</Filter>
    </ClInclude>
    <ClInclude Include="include\QuatRotationTranslationMatrix.h">
      <Filter>Source\Core\Public\Math</Filter>
    </ClInclude>
    <ClInclude Include="include\Box.h">
      <Filter>Source\Core\Public\Math</Filter>
    </ClInclude>
    <ClInclude Include="include\MathDefines.h">
      <Filter>Source\Core\Public\Math</Filter>
    </ClInclude>
    <ClInclude Include="include\MathGeometry.h">
      <Filter>Source\Core\Public\Math</Filter>
    </ClInclude>
    <ClInclude Include="include\AlignmentTemplates.h">
      <Filter>Source\Core\Public\Template</Filter>
    </ClInclude>
    <ClInclude Include="include\RHIDefines.h">
      <Filter>Source\Renderer\RHI\Public</Filter>
    </ClInclude>
    <ClInclude Include="include\Object.h">
      <Filter>Source\Engine\GameFramework\Public</Filter>
    </ClInclude>
    <ClInclude Include="include\Actor.h">
      <Filter>Source\Engine\GameFramework\Public</Filter>
    </ClInclude>
    <ClInclude Include="include\ActorComponent.h">
      <Filter>Source\Engine\GameFramework\Public\Components</Filter>
    </ClInclude>
    <ClInclude Include="include\SceneComponent.h">
      <Filter>Source\Engine\GameFramework\Public\Components</Filter>
    </ClInclude>
    <ClInclude Include="include\GameInstance.h">
      <Filter>Source\Engine\GameFramework\Public</Filter>
    </ClInclude>
    <ClInclude Include="include\Engine.h">
      <Filter>Source\Engine\GameFramework\Public</Filter>
    </ClInclude>
    <ClInclude Include="include\World.h">
      <Filter>Source\Engine\GameFramework\Public</Filter>
    </ClInclude>
    <ClInclude Include="include\GameClient.h">
      <Filter>Source\Engine\GameFramework\Public</Filter>
    </ClInclude>
    <ClInclude Include="include\RenderResource.h">
      <Filter>Source\Engine\RenderCore\Public</Filter>
    </ClInclude>
    <ClInclude Include="include\CoreGlobals.h">
      <Filter>Source\Core\Public</Filter>
    </ClInclude>
    <ClInclude Include="include\RHICommandList.h">
      <Filter>Source\Renderer\RHI\Public</Filter>
    </ClInclude>
    <ClInclude Include="include\RHIContext.h">
      <Filter>Source\Renderer\RHI\Public</Filter>
    </ClInclude>
    <ClInclude Include="include\DynamicRHI.h">
      <Filter>Source\Renderer\RHI\Public</Filter>
    </ClInclude>
    <ClInclude Include="include\ResourceArray.h">
      <Filter>Source\Core\Public\Containers</Filter>
    </ClInclude>
    <ClInclude Include="include\ModuleInterface.h">
      <Filter>Source\Core\Public\Modules</Filter>
    </ClInclude>
    <ClInclude Include="include\ModuleManager.h">
      <Filter>Source\Core\Public\Modules</Filter>
    </ClInclude>
    <ClInclude Include="source\Windows\D3D11RHIPrivate.h">
      <Filter>Source\Renderer\D3D11RHI\Private</Filter>
    </ClInclude>
  </ItemGroup>
</Project>